
Microsoft Visual Studio Solution File, Format Version 12.00
# Visual Studio Version 17
VisualStudioVersion = 17.3.32811.315
MinimumVisualStudioVersion = 10.0.40219.1
Project("{FAE04EC0-301F-11D3-BF4B-00C04F79EFBC}") = "GoogleDriveApi", "GoogleDriveApi\GoogleDriveApi.csproj", "{A3EF6BD3-AAC7-44BA-9FDA-C57ED7E4C7ED}"
EndProject
Global
	GlobalSection(SolutionConfigurationPlatforms) = preSolution
		Debug|Any CPU = Debug|Any CPU
		Release|Any CPU = Release|Any CPU
	EndGlobalSection
	GlobalSection(ProjectConfigurationPlatforms) = postSolution
		{A3EF6BD3-AAC7-44BA-9FDA-C57ED7E4C7ED}.Debug|Any CPU.ActiveCfg = Debug|Any CPU
		{A3EF6BD3-AAC7-44BA-9FDA-C57ED7E4C7ED}.Debug|Any CPU.Build.0 = Debug|Any CPU
		{A3EF6BD3-AAC7-44BA-9FDA-C57ED7E4C7ED}.Release|Any CPU.ActiveCfg = Release|Any CPU
		{A3EF6BD3-AAC7-44BA-9FDA-C57ED7E4C7ED}.Release|Any CPU.Build.0 = Release|Any CPU
	EndGlobalSection
	GlobalSection(SolutionProperties) = preSolution
		HideSolutionNode = FALSE
	EndGlobalSection
	GlobalSection(ExtensibilityGlobals) = postSolution
		SolutionGuid = {432E2566-60B2-45D0-B251-59F2AB409900}
	EndGlobalSection
EndGlobal
